
Microsoft Visual Studio Solution File, Format Version 12.00
# Visual Studio Version 16
VisualStudioVersion = 16.0.31729.503
MinimumVisualStudioVersion = 10.0.40219.1
Project("{FAE04EC0-301F-11D3-BF4B-00C04F79EFBC}") = "github-design-template", "github-design-template\github-design-template.csproj", "{8E6D4A1B-657A-4099-AF25-37FA07237F2B}"
EndProject
Global
	GlobalSection(SolutionConfigurationPlatforms) = preSolution
		Debug|Any CPU = Debug|Any CPU
		Release|Any CPU = Release|Any CPU
	EndGlobalSection
	GlobalSection(ProjectConfigurationPlatforms) = postSolution
		{8E6D4A1B-657A-4099-AF25-37FA07237F2B}.Debug|Any CPU.ActiveCfg = Debug|Any CPU
		{8E6D4A1B-657A-4099-AF25-37FA07237F2B}.Debug|Any CPU.Build.0 = Debug|Any CPU
		{8E6D4A1B-657A-4099-AF25-37FA07237F2B}.Release|Any CPU.ActiveCfg = Release|Any CPU
		{8E6D4A1B-657A-4099-AF25-37FA07237F2B}.Release|Any CPU.Build.0 = Release|Any CPU
	EndGlobalSection
	GlobalSection(SolutionProperties) = preSolution
		HideSolutionNode = FALSE
	EndGlobalSection
	GlobalSection(ExtensibilityGlobals) = postSolution
		SolutionGuid = {C3934D7C-E37C-47D5-8CDD-53FDB8B23011}
	EndGlobalSection
EndGlobal
